
Microsoft Visual Studio Solution File, Format Version 12.00
# Visual Studio Version 16
VisualStudioVersion = 16.0.29519.87
MinimumVisualStudioVersion = 10.0.40219.1
Project("{FAE04EC0-301F-11D3-BF4B-00C04F79EFBC}") = "ExpenseIt", "ExpenseIt.csproj", "{592C78C4-84F3-4EBC-B536-DF42A7F9F71C}"
EndProject
Global
	GlobalSection(SolutionConfigurationPlatforms) = preSolution
		Debug|Any CPU = Debug|Any CPU
		Release|Any CPU = Release|Any CPU
	EndGlobalSection
	GlobalSection(ProjectConfigurationPlatforms) = postSolution
		{592C78C4-84F3-4EBC-B536-DF42A7F9F71C}.Debug|Any CPU.ActiveCfg = Debug|Any CPU
		{592C78C4-84F3-4EBC-B536-DF42A7F9F71C}.Debug|Any CPU.Build.0 = Debug|Any CPU
		{592C78C4-84F3-4EBC-B536-DF42A7F9F71C}.Release|Any CPU.ActiveCfg = Release|Any CPU
		{592C78C4-84F3-4EBC-B536-DF42A7F9F71C}.Release|Any CPU.Build.0 = Release|Any CPU
	EndGlobalSection
	GlobalSection(SolutionProperties) = preSolution
		HideSolutionNode = FALSE
	EndGlobalSection
	GlobalSection(ExtensibilityGlobals) = postSolution
		SolutionGuid = {E3D67209-0C58-429E-B6E0-0BE9FEF3C475}
	EndGlobalSection
EndGlobal
